// !$*UTF8*$!
{
	archiveVersion = 1;
	classes = {
	};
	objectVersion = 56;
	objects = {

/* Begin PBXBuildFile section */
		F324F4122BCD791C00CFFDBD /* DateFormat.swift in Sources */ = {isa = PBXBuildFile; fileRef = F324F4112BCD791C00CFFDBD /* DateFormat.swift */; };
		F39E907E2BCA38F50059CC41 /* DoOrDoneApp.swift in Sources */ = {isa = PBXBuildFile; fileRef = F39E907D2BCA38F50059CC41 /* DoOrDoneApp.swift */; };
		F39E90802BCA38F50059CC41 /* HomeView.swift in Sources */ = {isa = PBXBuildFile; fileRef = F39E907F2BCA38F50059CC41 /* HomeView.swift */; };
		F39E90822BCA38F80059CC41 /* Assets.xcassets in Resources */ = {isa = PBXBuildFile; fileRef = F39E90812BCA38F80059CC41 /* Assets.xcassets */; };
		F39E90852BCA38F80059CC41 /* Preview Assets.xcassets in Resources */ = {isa = PBXBuildFile; fileRef = F39E90842BCA38F80059CC41 /* Preview Assets.xcassets */; };
		F39E908F2BCA38F80059CC41 /* DoOrDoneTests.swift in Sources */ = {isa = PBXBuildFile; fileRef = F39E908E2BCA38F80059CC41 /* DoOrDoneTests.swift */; };
		F39E90992BCA38F80059CC41 /* DoOrDoneUITests.swift in Sources */ = {isa = PBXBuildFile; fileRef = F39E90982BCA38F80059CC41 /* DoOrDoneUITests.swift */; };
		F39E909B2BCA38F80059CC41 /* DoOrDoneUITestsLaunchTests.swift in Sources */ = {isa = PBXBuildFile; fileRef = F39E909A2BCA38F80059CC41 /* DoOrDoneUITestsLaunchTests.swift */; };
		F39E90A82BCA3A820059CC41 /* PredictCoinView.swift in Sources */ = {isa = PBXBuildFile; fileRef = F39E90A72BCA3A820059CC41 /* PredictCoinView.swift */; };
		F39E90AA2BCA3BAB0059CC41 /* LogListView.swift in Sources */ = {isa = PBXBuildFile; fileRef = F39E90A92BCA3BAB0059CC41 /* LogListView.swift */; };
		F39E90AC2BCA3CD90059CC41 /* Coin.swift in Sources */ = {isa = PBXBuildFile; fileRef = F39E90AB2BCA3CD90059CC41 /* Coin.swift */; };
		F39E90AE2BCA3CF00059CC41 /* CoinFlippingView.swift in Sources */ = {isa = PBXBuildFile; fileRef = F39E90AD2BCA3CF00059CC41 /* CoinFlippingView.swift */; };
		F39E90B12BCA3D9D0059CC41 /* CoinTossData.swift in Sources */ = {isa = PBXBuildFile; fileRef = F39E90B02BCA3D9D0059CC41 /* CoinTossData.swift */; };
		F39E90B32BCA444B0059CC41 /* ResultView.swift in Sources */ = {isa = PBXBuildFile; fileRef = F39E90B22BCA444B0059CC41 /* ResultView.swift */; };
		F39F9B652BD089A00002C0A5 /* FirebaseAuth in Frameworks */ = {isa = PBXBuildFile; productRef = F39F9B642BD089A00002C0A5 /* FirebaseAuth */; };
		F39F9B6D2BD090250002C0A5 /* GoogleService-Info.plist in Resources */ = {isa = PBXBuildFile; fileRef = F39F9B6C2BD090250002C0A5 /* GoogleService-Info.plist */; };
		F39F9B6F2BD091980002C0A5 /* SettingsView.swift in Sources */ = {isa = PBXBuildFile; fileRef = F39F9B6E2BD091980002C0A5 /* SettingsView.swift */; };
		F3A484AC2BD107960029AB1E /* SelectColorView.swift in Sources */ = {isa = PBXBuildFile; fileRef = F3A484AB2BD107960029AB1E /* SelectColorView.swift */; };
		F3AA3FD62BD72A5200980C1E /* MoniteringNetworkState.swift in Sources */ = {isa = PBXBuildFile; fileRef = F3AA3FD52BD72A5200980C1E /* MoniteringNetworkState.swift */; };
		F3CAE5D92BD22E620086763B /* DatabaseModel.swift in Sources */ = {isa = PBXBuildFile; fileRef = F3CAE5D82BD22E620086763B /* DatabaseModel.swift */; };
		F3CAE5DB2BD2A2570086763B /* CoinColor.swift in Sources */ = {isa = PBXBuildFile; fileRef = F3CAE5DA2BD2A2570086763B /* CoinColor.swift */; };
		F3DACDB22BCD4A1C00498F04 /* DeleteButton.swift in Sources */ = {isa = PBXBuildFile; fileRef = F3DACDB12BCD4A1C00498F04 /* DeleteButton.swift */; };
		F3EC86812BCC98D2000B94E4 /* FirebaseAnalytics in Frameworks */ = {isa = PBXBuildFile; productRef = F3EC86802BCC98D2000B94E4 /* FirebaseAnalytics */; };
		F3EC86832BCC98D2000B94E4 /* FirebaseFirestoreSwift in Frameworks */ = {isa = PBXBuildFile; productRef = F3EC86822BCC98D2000B94E4 /* FirebaseFirestoreSwift */; };
/* End PBXBuildFile section */

/* Begin PBXContainerItemProxy section */
		F39E908B2BCA38F80059CC41 /* PBXContainerItemProxy */ = {
			isa = PBXContainerItemProxy;
			containerPortal = F39E90722BCA38F50059CC41 /* Project object */;
			proxyType = 1;
			remoteGlobalIDString = F39E90792BCA38F50059CC41;
			remoteInfo = DoOrDone;
		};
		F39E90952BCA38F80059CC41 /* PBXContainerItemProxy */ = {
			isa = PBXContainerItemProxy;
			containerPortal = F39E90722BCA38F50059CC41 /* Project object */;
			proxyType = 1;
			remoteGlobalIDString = F39E90792BCA38F50059CC41;
			remoteInfo = DoOrDone;
		};
/* End PBXContainerItemProxy section */

/* Begin PBXFileReference section */
		F324F4112BCD791C00CFFDBD /* DateFormat.swift */ = {isa = PBXFileReference; lastKnownFileType = sourcecode.swift; path = DateFormat.swift; sourceTree = "<group>"; };
		F39E907A2BCA38F50059CC41 /* DoOrDone.app */ = {isa = PBXFileReference; explicitFileType = wrapper.application; includeInIndex = 0; path = DoOrDone.app; sourceTree = BUILT_PRODUCTS_DIR; };
		F39E907D2BCA38F50059CC41 /* DoOrDoneApp.swift */ = {isa = PBXFileReference; lastKnownFileType = sourcecode.swift; path = DoOrDoneApp.swift; sourceTree = "<group>"; };
		F39E907F2BCA38F50059CC41 /* HomeView.swift */ = {isa = PBXFileReference; lastKnownFileType = sourcecode.swift; path = HomeView.swift; sourceTree = "<group>"; };
		F39E90812BCA38F80059CC41 /* Assets.xcassets */ = {isa = PBXFileReference; lastKnownFileType = folder.assetcatalog; path = Assets.xcassets; sourceTree = "<group>"; };
		F39E90842BCA38F80059CC41 /* Preview Assets.xcassets */ = {isa = PBXFileReference; lastKnownFileType = folder.assetcatalog; path = "Preview Assets.xcassets"; sourceTree = "<group>"; };
		F39E908A2BCA38F80059CC41 /* DoOrDoneTests.xctest */ = {isa = PBXFileReference; explicitFileType = wrapper.cfbundle; includeInIndex = 0; path = DoOrDoneTests.xctest; sourceTree = BUILT_PRODUCTS_DIR; };
		F39E908E2BCA38F80059CC41 /* DoOrDoneTests.swift */ = {isa = PBXFileReference; lastKnownFileType = sourcecode.swift; path = DoOrDoneTests.swift; sourceTree = "<group>"; };
		F39E90942BCA38F80059CC41 /* DoOrDoneUITests.xctest */ = {isa = PBXFileReference; explicitFileType = wrapper.cfbundle; includeInIndex = 0; path = DoOrDoneUITests.xctest; sourceTree = BUILT_PRODUCTS_DIR; };
		F39E90982BCA38F80059CC41 /* DoOrDoneUITests.swift */ = {isa = PBXFileReference; lastKnownFileType = sourcecode.swift; path = DoOrDoneUITests.swift; sourceTree = "<group>"; };
		F39E909A2BCA38F80059CC41 /* DoOrDoneUITestsLaunchTests.swift */ = {isa = PBXFileReference; lastKnownFileType = sourcecode.swift; path = DoOrDoneUITestsLaunchTests.swift; sourceTree = "<group>"; };
		F39E90A72BCA3A820059CC41 /* PredictCoinView.swift */ = {isa = PBXFileReference; lastKnownFileType = sourcecode.swift; path = PredictCoinView.swift; sourceTree = "<group>"; };
		F39E90A92BCA3BAB0059CC41 /* LogListView.swift */ = {isa = PBXFileReference; lastKnownFileType = sourcecode.swift; path = LogListView.swift; sourceTree = "<group>"; };
		F39E90AB2BCA3CD90059CC41 /* Coin.swift */ = {isa = PBXFileReference; lastKnownFileType = sourcecode.swift; path = Coin.swift; sourceTree = "<group>"; };
		F39E90AD2BCA3CF00059CC41 /* CoinFlippingView.swift */ = {isa = PBXFileReference; lastKnownFileType = sourcecode.swift; path = CoinFlippingView.swift; sourceTree = "<group>"; };
		F39E90B02BCA3D9D0059CC41 /* CoinTossData.swift */ = {isa = PBXFileReference; lastKnownFileType = sourcecode.swift; path = CoinTossData.swift; sourceTree = "<group>"; };
		F39E90B22BCA444B0059CC41 /* ResultView.swift */ = {isa = PBXFileReference; lastKnownFileType = sourcecode.swift; path = ResultView.swift; sourceTree = "<group>"; };
		F39F9B6C2BD090250002C0A5 /* GoogleService-Info.plist */ = {isa = PBXFileReference; fileEncoding = 4; lastKnownFileType = text.plist.xml; path = "GoogleService-Info.plist"; sourceTree = SOURCE_ROOT; };
		F39F9B6E2BD091980002C0A5 /* SettingsView.swift */ = {isa = PBXFileReference; lastKnownFileType = sourcecode.swift; path = SettingsView.swift; sourceTree = "<group>"; };
		F3A484AB2BD107960029AB1E /* SelectColorView.swift */ = {isa = PBXFileReference; lastKnownFileType = sourcecode.swift; path = SelectColorView.swift; sourceTree = "<group>"; };
		F3AA3FD52BD72A5200980C1E /* MoniteringNetworkState.swift */ = {isa = PBXFileReference; lastKnownFileType = sourcecode.swift; path = MoniteringNetworkState.swift; sourceTree = "<group>"; };
		F3CAE5D82BD22E620086763B /* DatabaseModel.swift */ = {isa = PBXFileReference; lastKnownFileType = sourcecode.swift; path = DatabaseModel.swift; sourceTree = "<group>"; };
		F3CAE5DA2BD2A2570086763B /* CoinColor.swift */ = {isa = PBXFileReference; lastKnownFileType = sourcecode.swift; path = CoinColor.swift; sourceTree = "<group>"; };
		F3DACDB12BCD4A1C00498F04 /* DeleteButton.swift */ = {isa = PBXFileReference; lastKnownFileType = sourcecode.swift; path = DeleteButton.swift; sourceTree = "<group>"; };
/* End PBXFileReference section */

/* Begin PBXFrameworksBuildPhase section */
		F39E90772BCA38F50059CC41 /* Frameworks */ = {
			isa = PBXFrameworksBuildPhase;
			buildActionMask = 2147483647;
			files = (
				F3EC86812BCC98D2000B94E4 /* FirebaseAnalytics in Frameworks */,
				F39F9B652BD089A00002C0A5 /* FirebaseAuth in Frameworks */,
				F3EC86832BCC98D2000B94E4 /* FirebaseFirestoreSwift in Frameworks */,
			);
			runOnlyForDeploymentPostprocessing = 0;
		};
		F39E90872BCA38F80059CC41 /* Frameworks */ = {
			isa = PBXFrameworksBuildPhase;
			buildActionMask = 2147483647;
			files = (
			);
			runOnlyForDeploymentPostprocessing = 0;
		};
		F39E90912BCA38F80059CC41 /* Frameworks */ = {
			isa = PBXFrameworksBuildPhase;
			buildActionMask = 2147483647;
			files = (
			);
			runOnlyForDeploymentPostprocessing = 0;
		};
/* End PBXFrameworksBuildPhase section */

/* Begin PBXGroup section */
		F39E90712BCA38F50059CC41 = {
			isa = PBXGroup;
			children = (
				F39E907C2BCA38F50059CC41 /* DoOrDone */,
				F39E908D2BCA38F80059CC41 /* DoOrDoneTests */,
				F39E90972BCA38F80059CC41 /* DoOrDoneUITests */,
				F39E907B2BCA38F50059CC41 /* Products */,
				F39F9B632BD089A00002C0A5 /* Frameworks */,
			);
			sourceTree = "<group>";
		};
		F39E907B2BCA38F50059CC41 /* Products */ = {
			isa = PBXGroup;
			children = (
				F39E907A2BCA38F50059CC41 /* DoOrDone.app */,
				F39E908A2BCA38F80059CC41 /* DoOrDoneTests.xctest */,
				F39E90942BCA38F80059CC41 /* DoOrDoneUITests.xctest */,
			);
			name = Products;
			sourceTree = "<group>";
		};
		F39E907C2BCA38F50059CC41 /* DoOrDone */ = {
			isa = PBXGroup;
			children = (
				F39F9B6C2BD090250002C0A5 /* GoogleService-Info.plist */,
				F39E90AF2BCA3D810059CC41 /* Models */,
				F39E907D2BCA38F50059CC41 /* DoOrDoneApp.swift */,
				F39E907F2BCA38F50059CC41 /* HomeView.swift */,
				F39E90A72BCA3A820059CC41 /* PredictCoinView.swift */,
				F39E90AD2BCA3CF00059CC41 /* CoinFlippingView.swift */,
				F39E90B22BCA444B0059CC41 /* ResultView.swift */,
				F39E90A92BCA3BAB0059CC41 /* LogListView.swift */,
				F39F9B6E2BD091980002C0A5 /* SettingsView.swift */,
				F3A484AB2BD107960029AB1E /* SelectColorView.swift */,
				F39E90812BCA38F80059CC41 /* Assets.xcassets */,
				F39E90832BCA38F80059CC41 /* Preview Content */,
			);
			path = DoOrDone;
			sourceTree = "<group>";
		};
		F39E90832BCA38F80059CC41 /* Preview Content */ = {
			isa = PBXGroup;
			children = (
				F39E90842BCA38F80059CC41 /* Preview Assets.xcassets */,
			);
			path = "Preview Content";
			sourceTree = "<group>";
		};
		F39E908D2BCA38F80059CC41 /* DoOrDoneTests */ = {
			isa = PBXGroup;
			children = (
				F39E908E2BCA38F80059CC41 /* DoOrDoneTests.swift */,
			);
			path = DoOrDoneTests;
			sourceTree = "<group>";
		};
		F39E90972BCA38F80059CC41 /* DoOrDoneUITests */ = {
			isa = PBXGroup;
			children = (
				F39E90982BCA38F80059CC41 /* DoOrDoneUITests.swift */,
				F39E909A2BCA38F80059CC41 /* DoOrDoneUITestsLaunchTests.swift */,
			);
			path = DoOrDoneUITests;
			sourceTree = "<group>";
		};
		F39E90AF2BCA3D810059CC41 /* Models */ = {
			isa = PBXGroup;
			children = (
				F39E90AB2BCA3CD90059CC41 /* Coin.swift */,
				F3CAE5DA2BD2A2570086763B /* CoinColor.swift */,
				F39E90B02BCA3D9D0059CC41 /* CoinTossData.swift */,
				F3CAE5D82BD22E620086763B /* DatabaseModel.swift */,
				F324F4112BCD791C00CFFDBD /* DateFormat.swift */,
				F3DACDB12BCD4A1C00498F04 /* DeleteButton.swift */,
				F3AA3FD52BD72A5200980C1E /* MoniteringNetworkState.swift */,
			);
			path = Models;
			sourceTree = "<group>";
		};
		F39F9B632BD089A00002C0A5 /* Frameworks */ = {
			isa = PBXGroup;
			children = (
			);
			name = Frameworks;
			sourceTree = "<group>";
		};
/* End PBXGroup section */

/* Begin PBXNativeTarget section */
		F39E90792BCA38F50059CC41 /* DoOrDone */ = {
			isa = PBXNativeTarget;
			buildConfigurationList = F39E909E2BCA38F80059CC41 /* Build configuration list for PBXNativeTarget "DoOrDone" */;
			buildPhases = (
				F39E90762BCA38F50059CC41 /* Sources */,
				F39E90772BCA38F50059CC41 /* Frameworks */,
				F39E90782BCA38F50059CC41 /* Resources */,
			);
			buildRules = (
			);
			dependencies = (
			);
			name = DoOrDone;
			packageProductDependencies = (
				F3EC86802BCC98D2000B94E4 /* FirebaseAnalytics */,
				F3EC86822BCC98D2000B94E4 /* FirebaseFirestoreSwift */,
				F39F9B642BD089A00002C0A5 /* FirebaseAuth */,
			);
			productName = DoOrDone;
			productReference = F39E907A2BCA38F50059CC41 /* DoOrDone.app */;
			productType = "com.apple.product-type.application";
		};
		F39E90892BCA38F80059CC41 /* DoOrDoneTests */ = {
			isa = PBXNativeTarget;
			buildConfigurationList = F39E90A12BCA38F80059CC41 /* Build configuration list for PBXNativeTarget "DoOrDoneTests" */;
			buildPhases = (
				F39E90862BCA38F80059CC41 /* Sources */,
				F39E90872BCA38F80059CC41 /* Frameworks */,
				F39E90882BCA38F80059CC41 /* Resources */,
			);
			buildRules = (
			);
			dependencies = (
				F39E908C2BCA38F80059CC41 /* PBXTargetDependency */,
			);
			name = DoOrDoneTests;
			productName = DoOrDoneTests;
			productReference = F39E908A2BCA38F80059CC41 /* DoOrDoneTests.xctest */;
			productType = "com.apple.product-type.bundle.unit-test";
		};
		F39E90932BCA38F80059CC41 /* DoOrDoneUITests */ = {
			isa = PBXNativeTarget;
			buildConfigurationList = F39E90A42BCA38F80059CC41 /* Build configuration list for PBXNativeTarget "DoOrDoneUITests" */;
			buildPhases = (
				F39E90902BCA38F80059CC41 /* Sources */,
				F39E90912BCA38F80059CC41 /* Frameworks */,
				F39E90922BCA38F80059CC41 /* Resources */,
			);
			buildRules = (
			);
			dependencies = (
				F39E90962BCA38F80059CC41 /* PBXTargetDependency */,
			);
			name = DoOrDoneUITests;
			productName = DoOrDoneUITests;
			productReference = F39E90942BCA38F80059CC41 /* DoOrDoneUITests.xctest */;
			productType = "com.apple.product-type.bundle.ui-testing";
		};
/* End PBXNativeTarget section */

/* Begin PBXProject section */
		F39E90722BCA38F50059CC41 /* Project object */ = {
			isa = PBXProject;
			attributes = {
				BuildIndependentTargetsInParallel = 1;
				LastSwiftUpdateCheck = 1530;
				LastUpgradeCheck = 1530;
				TargetAttributes = {
					F39E90792BCA38F50059CC41 = {
						CreatedOnToolsVersion = 15.3;
					};
					F39E90892BCA38F80059CC41 = {
						CreatedOnToolsVersion = 15.3;
						TestTargetID = F39E90792BCA38F50059CC41;
					};
					F39E90932BCA38F80059CC41 = {
						CreatedOnToolsVersion = 15.3;
						TestTargetID = F39E90792BCA38F50059CC41;
					};
				};
			};
			buildConfigurationList = F39E90752BCA38F50059CC41 /* Build configuration list for PBXProject "DoOrDone" */;
			compatibilityVersion = "Xcode 14.0";
			developmentRegion = en;
			hasScannedForEncodings = 0;
			knownRegions = (
				en,
				Base,
			);
			mainGroup = F39E90712BCA38F50059CC41;
			packageReferences = (
				F3EC867F2BCC98D2000B94E4 /* XCRemoteSwiftPackageReference "firebase-ios-sdk" */,
			);
			productRefGroup = F39E907B2BCA38F50059CC41 /* Products */;
			projectDirPath = "";
			projectRoot = "";
			targets = (
				F39E90792BCA38F50059CC41 /* DoOrDone */,
				F39E90892BCA38F80059CC41 /* DoOrDoneTests */,
				F39E90932BCA38F80059CC41 /* DoOrDoneUITests */,
			);
		};
/* End PBXProject section */

/* Begin PBXResourcesBuildPhase section */
		F39E90782BCA38F50059CC41 /* Resources */ = {
			isa = PBXResourcesBuildPhase;
			buildActionMask = 2147483647;
			files = (
				F39E90852BCA38F80059CC41 /* Preview Assets.xcassets in Resources */,
				F39E90822BCA38F80059CC41 /* Assets.xcassets in Resources */,
				F39F9B6D2BD090250002C0A5 /* GoogleService-Info.plist in Resources */,
			);
			runOnlyForDeploymentPostprocessing = 0;
		};
		F39E90882BCA38F80059CC41 /* Resources */ = {
			isa = PBXResourcesBuildPhase;
			buildActionMask = 2147483647;
			files = (
			);
			runOnlyForDeploymentPostprocessing = 0;
		};
		F39E90922BCA38F80059CC41 /* Resources */ = {
			isa = PBXResourcesBuildPhase;
			buildActionMask = 2147483647;
			files = (
			);
			runOnlyForDeploymentPostprocessing = 0;
		};
/* End PBXResourcesBuildPhase section */

/* Begin PBXSourcesBuildPhase section */
		F39E90762BCA38F50059CC41 /* Sources */ = {
			isa = PBXSourcesBuildPhase;
			buildActionMask = 2147483647;
			files = (
				F3CAE5D92BD22E620086763B /* DatabaseModel.swift in Sources */,
				F39E90802BCA38F50059CC41 /* HomeView.swift in Sources */,
				F3CAE5DB2BD2A2570086763B /* CoinColor.swift in Sources */,
				F39E90AA2BCA3BAB0059CC41 /* LogListView.swift in Sources */,
				F39E90B12BCA3D9D0059CC41 /* CoinTossData.swift in Sources */,
				F39E907E2BCA38F50059CC41 /* DoOrDoneApp.swift in Sources */,
				F39E90AC2BCA3CD90059CC41 /* Coin.swift in Sources */,
				F3DACDB22BCD4A1C00498F04 /* DeleteButton.swift in Sources */,
				F39E90B32BCA444B0059CC41 /* ResultView.swift in Sources */,
				F3AA3FD62BD72A5200980C1E /* MoniteringNetworkState.swift in Sources */,
				F3A484AC2BD107960029AB1E /* SelectColorView.swift in Sources */,
				F39E90A82BCA3A820059CC41 /* PredictCoinView.swift in Sources */,
				F324F4122BCD791C00CFFDBD /* DateFormat.swift in Sources */,
				F39E90AE2BCA3CF00059CC41 /* CoinFlippingView.swift in Sources */,
				F39F9B6F2BD091980002C0A5 /* SettingsView.swift in Sources */,
			);
			runOnlyForDeploymentPostprocessing = 0;
		};
		F39E90862BCA38F80059CC41 /* Sources */ = {
			isa = PBXSourcesBuildPhase;
			buildActionMask = 2147483647;
			files = (
				F39E908F2BCA38F80059CC41 /* DoOrDoneTests.swift in Sources */,
			);
			runOnlyForDeploymentPostprocessing = 0;
		};
		F39E90902BCA38F80059CC41 /* Sources */ = {
			isa = PBXSourcesBuildPhase;
			buildActionMask = 2147483647;
			files = (
				F39E909B2BCA38F80059CC41 /* DoOrDoneUITestsLaunchTests.swift in Sources */,
				F39E90992BCA38F80059CC41 /* DoOrDoneUITests.swift in Sources */,
			);
			runOnlyForDeploymentPostprocessing = 0;
		};
/* End PBXSourcesBuildPhase section */

/* Begin PBXTargetDependency section */
		F39E908C2BCA38F80059CC41 /* PBXTargetDependency */ = {
			isa = PBXTargetDependency;
			target = F39E90792BCA38F50059CC41 /* DoOrDone */;
			targetProxy = F39E908B2BCA38F80059CC41 /* PBXContainerItemProxy */;
		};
		F39E90962BCA38F80059CC41 /* PBXTargetDependency */ = {
			isa = PBXTargetDependency;
			target = F39E90792BCA38F50059CC41 /* DoOrDone */;
			targetProxy = F39E90952BCA38F80059CC41 /* PBXContainerItemProxy */;
		};
/* End PBXTargetDependency section */

/* Begin XCBuildConfiguration section */
		F39E909C2BCA38F80059CC41 /* Debug */ = {
			isa = XCBuildConfiguration;
			buildSettings = {
				ALWAYS_SEARCH_USER_PATHS = NO;
				ASSETCATALOG_COMPILER_GENERATE_SWIFT_ASSET_SYMBOL_EXTENSIONS = YES;
				CLANG_ANALYZER_NONNULL = YES;
				CLANG_ANALYZER_NUMBER_OBJECT_CONVERSION = YES_AGGRESSIVE;
				CLANG_CXX_LANGUAGE_STANDARD = "gnu++20";
				CLANG_ENABLE_MODULES = YES;
				CLANG_ENABLE_OBJC_ARC = YES;
				CLANG_ENABLE_OBJC_WEAK = YES;
				CLANG_WARN_BLOCK_CAPTURE_AUTORELEASING = YES;
				CLANG_WARN_BOOL_CONVERSION = YES;
				CLANG_WARN_COMMA = YES;
				CLANG_WARN_CONSTANT_CONVERSION = YES;
				CLANG_WARN_DEPRECATED_OBJC_IMPLEMENTATIONS = YES;
				CLANG_WARN_DIRECT_OBJC_ISA_USAGE = YES_ERROR;
				CLANG_WARN_DOCUMENTATION_COMMENTS = YES;
				CLANG_WARN_EMPTY_BODY = YES;
				CLANG_WARN_ENUM_CONVERSION = YES;
				CLANG_WARN_INFINITE_RECURSION = YES;
				CLANG_WARN_INT_CONVERSION = YES;
				CLANG_WARN_NON_LITERAL_NULL_CONVERSION = YES;
				CLANG_WARN_OBJC_IMPLICIT_RETAIN_SELF = YES;
				CLANG_WARN_OBJC_LITERAL_CONVERSION = YES;
				CLANG_WARN_OBJC_ROOT_CLASS = YES_ERROR;
				CLANG_WARN_QUOTED_INCLUDE_IN_FRAMEWORK_HEADER = YES;
				CLANG_WARN_RANGE_LOOP_ANALYSIS = YES;
				CLANG_WARN_STRICT_PROTOTYPES = YES;
				CLANG_WARN_SUSPICIOUS_MOVE = YES;
				CLANG_WARN_UNGUARDED_AVAILABILITY = YES_AGGRESSIVE;
				CLANG_WARN_UNREACHABLE_CODE = YES;
				CLANG_WARN__DUPLICATE_METHOD_MATCH = YES;
				COPY_PHASE_STRIP = NO;
				DEBUG_INFORMATION_FORMAT = dwarf;
				ENABLE_STRICT_OBJC_MSGSEND = YES;
				ENABLE_TESTABILITY = YES;
				ENABLE_USER_SCRIPT_SANDBOXING = YES;
				GCC_C_LANGUAGE_STANDARD = gnu17;
				GCC_DYNAMIC_NO_PIC = NO;
				GCC_NO_COMMON_BLOCKS = YES;
				GCC_OPTIMIZATION_LEVEL = 0;
				GCC_PREPROCESSOR_DEFINITIONS = (
					"DEBUG=1",
					"$(inherited)",
				);
				GCC_WARN_64_TO_32_BIT_CONVERSION = YES;
				GCC_WARN_ABOUT_RETURN_TYPE = YES_ERROR;
				GCC_WARN_UNDECLARED_SELECTOR = YES;
				GCC_WARN_UNINITIALIZED_AUTOS = YES_AGGRESSIVE;
				GCC_WARN_UNUSED_FUNCTION = YES;
				GCC_WARN_UNUSED_VARIABLE = YES;
				IPHONEOS_DEPLOYMENT_TARGET = 17.4;
				LOCALIZATION_PREFERS_STRING_CATALOGS = YES;
				MTL_ENABLE_DEBUG_INFO = INCLUDE_SOURCE;
				MTL_FAST_MATH = YES;
				ONLY_ACTIVE_ARCH = YES;
				SDKROOT = iphoneos;
				SWIFT_ACTIVE_COMPILATION_CONDITIONS = "DEBUG $(inherited)";
				SWIFT_OPTIMIZATION_LEVEL = "-Onone";
			};
			name = Debug;
		};
		F39E909D2BCA38F80059CC41 /* Release */ = {
			isa = XCBuildConfiguration;
			buildSettings = {
				ALWAYS_SEARCH_USER_PATHS = NO;
				ASSETCATALOG_COMPILER_GENERATE_SWIFT_ASSET_SYMBOL_EXTENSIONS = YES;
				CLANG_ANALYZER_NONNULL = YES;
				CLANG_ANALYZER_NUMBER_OBJECT_CONVERSION = YES_AGGRESSIVE;
				CLANG_CXX_LANGUAGE_STANDARD = "gnu++20";
				CLANG_ENABLE_MODULES = YES;
				CLANG_ENABLE_OBJC_ARC = YES;
				CLANG_ENABLE_OBJC_WEAK = YES;
				CLANG_WARN_BLOCK_CAPTURE_AUTORELEASING = YES;
				CLANG_WARN_BOOL_CONVERSION = YES;
				CLANG_WARN_COMMA = YES;
				CLANG_WARN_CONSTANT_CONVERSION = YES;
				CLANG_WARN_DEPRECATED_OBJC_IMPLEMENTATIONS = YES;
				CLANG_WARN_DIRECT_OBJC_ISA_USAGE = YES_ERROR;
				CLANG_WARN_DOCUMENTATION_COMMENTS = YES;
				CLANG_WARN_EMPTY_BODY = YES;
				CLANG_WARN_ENUM_CONVERSION = YES;
				CLANG_WARN_INFINITE_RECURSION = YES;
				CLANG_WARN_INT_CONVERSION = YES;
				CLANG_WARN_NON_LITERAL_NULL_CONVERSION = YES;
				CLANG_WARN_OBJC_IMPLICIT_RETAIN_SELF = YES;
				CLANG_WARN_OBJC_LITERAL_CONVERSION = YES;
				CLANG_WARN_OBJC_ROOT_CLASS = YES_ERROR;
				CLANG_WARN_QUOTED_INCLUDE_IN_FRAMEWORK_HEADER = YES;
				CLANG_WARN_RANGE_LOOP_ANALYSIS = YES;
				CLANG_WARN_STRICT_PROTOTYPES = YES;
				CLANG_WARN_SUSPICIOUS_MOVE = YES;
				CLANG_WARN_UNGUARDED_AVAILABILITY = YES_AGGRESSIVE;
				CLANG_WARN_UNREACHABLE_CODE = YES;
				CLANG_WARN__DUPLICATE_METHOD_MATCH = YES;
				COPY_PHASE_STRIP = NO;
				DEBUG_INFORMATION_FORMAT = "dwarf-with-dsym";
				ENABLE_NS_ASSERTIONS = NO;
				ENABLE_STRICT_OBJC_MSGSEND = YES;
				ENABLE_USER_SCRIPT_SANDBOXING = YES;
				GCC_C_LANGUAGE_STANDARD = gnu17;
				GCC_NO_COMMON_BLOCKS = YES;
				GCC_WARN_64_TO_32_BIT_CONVERSION = YES;
				GCC_WARN_ABOUT_RETURN_TYPE = YES_ERROR;
				GCC_WARN_UNDECLARED_SELECTOR = YES;
				GCC_WARN_UNINITIALIZED_AUTOS = YES_AGGRESSIVE;
				GCC_WARN_UNUSED_FUNCTION = YES;
				GCC_WARN_UNUSED_VARIABLE = YES;
				IPHONEOS_DEPLOYMENT_TARGET = 17.4;
				LOCALIZATION_PREFERS_STRING_CATALOGS = YES;
				MTL_ENABLE_DEBUG_INFO = NO;
				MTL_FAST_MATH = YES;
				SDKROOT = iphoneos;
				SWIFT_COMPILATION_MODE = wholemodule;
				VALIDATE_PRODUCT = YES;
			};
			name = Release;
		};
		F39E909F2BCA38F80059CC41 /* Debug */ = {
			isa = XCBuildConfiguration;
			buildSettings = {
				ASSETCATALOG_COMPILER_APPICON_NAME = AppIcon;
				ASSETCATALOG_COMPILER_GLOBAL_ACCENT_COLOR_NAME = AccentColor;
				CODE_SIGN_STYLE = Automatic;
				CURRENT_PROJECT_VERSION = 1;
				DEVELOPMENT_ASSET_PATHS = "\"DoOrDone/Preview Content\"";
				DEVELOPMENT_TEAM = J37PZZ77T2;
				ENABLE_PREVIEWS = YES;
				GENERATE_INFOPLIST_FILE = YES;
				INFOPLIST_KEY_UIApplicationSceneManifest_Generation = YES;
				INFOPLIST_KEY_UIApplicationSupportsIndirectInputEvents = YES;
				INFOPLIST_KEY_UILaunchScreen_Generation = YES;
				INFOPLIST_KEY_UISupportedInterfaceOrientations_iPad = "UIInterfaceOrientationPortrait UIInterfaceOrientationPortraitUpsideDown UIInterfaceOrientationLandscapeLeft UIInterfaceOrientationLandscapeRight";
				INFOPLIST_KEY_UISupportedInterfaceOrientations_iPhone = "UIInterfaceOrientationPortrait UIInterfaceOrientationLandscapeLeft UIInterfaceOrientationLandscapeRight";
				LD_RUNPATH_SEARCH_PATHS = (
					"$(inherited)",
					"@executable_path/Frameworks",
				);
				MARKETING_VERSION = 1.0;
				PRODUCT_BUNDLE_IDENTIFIER = com.example.DoOrDone;
				PRODUCT_NAME = "$(TARGET_NAME)";
				SWIFT_EMIT_LOC_STRINGS = YES;
				SWIFT_VERSION = 5.0;
				TARGETED_DEVICE_FAMILY = "1,2";
			};
			name = Debug;
		};
		F39E90A02BCA38F80059CC41 /* Release */ = {
			isa = XCBuildConfiguration;
			buildSettings = {
				ASSETCATALOG_COMPILER_APPICON_NAME = AppIcon;
				ASSETCATALOG_COMPILER_GLOBAL_ACCENT_COLOR_NAME = AccentColor;
				CODE_SIGN_STYLE = Automatic;
				CURRENT_PROJECT_VERSION = 1;
				DEVELOPMENT_ASSET_PATHS = "\"DoOrDone/Preview Content\"";
				DEVELOPMENT_TEAM = J37PZZ77T2;
				ENABLE_PREVIEWS = YES;
				GENERATE_INFOPLIST_FILE = YES;
				INFOPLIST_KEY_UIApplicationSceneManifest_Generation = YES;
				INFOPLIST_KEY_UIApplicationSupportsIndirectInputEvents = YES;
				INFOPLIST_KEY_UILaunchScreen_Generation = YES;
				INFOPLIST_KEY_UISupportedInterfaceOrientations_iPad = "UIInterfaceOrientationPortrait UIInterfaceOrientationPortraitUpsideDown UIInterfaceOrientationLandscapeLeft UIInterfaceOrientationLandscapeRight";
				INFOPLIST_KEY_UISupportedInterfaceOrientations_iPhone = "UIInterfaceOrientationPortrait UIInterfaceOrientationLandscapeLeft UIInterfaceOrientationLandscapeRight";
				LD_RUNPATH_SEARCH_PATHS = (
					"$(inherited)",
					"@executable_path/Frameworks",
				);
				MARKETING_VERSION = 1.0;
				PRODUCT_BUNDLE_IDENTIFIER = com.example.DoOrDone;
				PRODUCT_NAME = "$(TARGET_NAME)";
				SWIFT_EMIT_LOC_STRINGS = YES;
				SWIFT_VERSION = 5.0;
				TARGETED_DEVICE_FAMILY = "1,2";
			};
			name = Release;
		};
		F39E90A22BCA38F80059CC41 /* Debug */ = {
			isa = XCBuildConfiguration;
			buildSettings = {
				ALWAYS_EMBED_SWIFT_STANDARD_LIBRARIES = YES;
				BUNDLE_LOADER = "$(TEST_HOST)";
				CODE_SIGN_STYLE = Automatic;
				CURRENT_PROJECT_VERSION = 1;
				DEVELOPMENT_TEAM = J37PZZ77T2;
				GENERATE_INFOPLIST_FILE = YES;
				IPHONEOS_DEPLOYMENT_TARGET = 17.4;
				MARKETING_VERSION = 1.0;
				PRODUCT_BUNDLE_IDENTIFIER = com.example.DoOrDoneTests;
				PRODUCT_NAME = "$(TARGET_NAME)";
				SWIFT_EMIT_LOC_STRINGS = NO;
				SWIFT_VERSION = 5.0;
				TARGETED_DEVICE_FAMILY = "1,2";
				TEST_HOST = "$(BUILT_PRODUCTS_DIR)/DoOrDone.app/$(BUNDLE_EXECUTABLE_FOLDER_PATH)/DoOrDone";
			};
			name = Debug;
		};
		F39E90A32BCA38F80059CC41 /* Release */ = {
			isa = XCBuildConfiguration;
			buildSettings = {
				ALWAYS_EMBED_SWIFT_STANDARD_LIBRARIES = YES;
				BUNDLE_LOADER = "$(TEST_HOST)";
				CODE_SIGN_STYLE = Automatic;
				CURRENT_PROJECT_VERSION = 1;
				DEVELOPMENT_TEAM = J37PZZ77T2;
				GENERATE_INFOPLIST_FILE = YES;
				IPHONEOS_DEPLOYMENT_TARGET = 17.4;
				MARKETING_VERSION = 1.0;
				PRODUCT_BUNDLE_IDENTIFIER = com.example.DoOrDoneTests;
				PRODUCT_NAME = "$(TARGET_NAME)";
				SWIFT_EMIT_LOC_STRINGS = NO;
				SWIFT_VERSION = 5.0;
				TARGETED_DEVICE_FAMILY = "1,2";
				TEST_HOST = "$(BUILT_PRODUCTS_DIR)/DoOrDone.app/$(BUNDLE_EXECUTABLE_FOLDER_PATH)/DoOrDone";
			};
			name = Release;
		};
		F39E90A52BCA38F80059CC41 /* Debug */ = {
			isa = XCBuildConfiguration;
			buildSettings = {
				ALWAYS_EMBED_SWIFT_STANDARD_LIBRARIES = YES;
				CODE_SIGN_STYLE = Automatic;
				CURRENT_PROJECT_VERSION = 1;
				DEVELOPMENT_TEAM = J37PZZ77T2;
				GENERATE_INFOPLIST_FILE = YES;
				MARKETING_VERSION = 1.0;
				PRODUCT_BUNDLE_IDENTIFIER = com.example.DoOrDoneUITests;
				PRODUCT_NAME = "$(TARGET_NAME)";
				SWIFT_EMIT_LOC_STRINGS = NO;
				SWIFT_VERSION = 5.0;
				TARGETED_DEVICE_FAMILY = "1,2";
				TEST_TARGET_NAME = DoOrDone;
			};
			name = Debug;
		};
		F39E90A62BCA38F80059CC41 /* Release */ = {
			isa = XCBuildConfiguration;
			buildSettings = {
				ALWAYS_EMBED_SWIFT_STANDARD_LIBRARIES = YES;
				CODE_SIGN_STYLE = Automatic;
				CURRENT_PROJECT_VERSION = 1;
				DEVELOPMENT_TEAM = J37PZZ77T2;
				GENERATE_INFOPLIST_FILE = YES;
				MARKETING_VERSION = 1.0;
				PRODUCT_BUNDLE_IDENTIFIER = com.example.DoOrDoneUITests;
				PRODUCT_NAME = "$(TARGET_NAME)";
				SWIFT_EMIT_LOC_STRINGS = NO;
				SWIFT_VERSION = 5.0;
				TARGETED_DEVICE_FAMILY = "1,2";
				TEST_TARGET_NAME = DoOrDone;
			};
			name = Release;
		};
/* End XCBuildConfiguration section */

/* Begin XCConfigurationList section */
		F39E90752BCA38F50059CC41 /* Build configuration list for PBXProject "DoOrDone" */ = {
			isa = XCConfigurationList;
			buildConfigurations = (
				F39E909C2BCA38F80059CC41 /* Debug */,
				F39E909D2BCA38F80059CC41 /* Release */,
			);
			defaultConfigurationIsVisible = 0;
			defaultConfigurationName = Release;
		};
		F39E909E2BCA38F80059CC41 /* Build configuration list for PBXNativeTarget "DoOrDone" */ = {
			isa = XCConfigurationList;
			buildConfigurations = (
				F39E909F2BCA38F80059CC41 /* Debug */,
				F39E90A02BCA38F80059CC41 /* Release */,
			);
			defaultConfigurationIsVisible = 0;
			defaultConfigurationName = Release;
		};
		F39E90A12BCA38F80059CC41 /* Build configuration list for PBXNativeTarget "DoOrDoneTests" */ = {
			isa = XCConfigurationList;
			buildConfigurations = (
				F39E90A22BCA38F80059CC41 /* Debug */,
				F39E90A32BCA38F80059CC41 /* Release */,
			);
			defaultConfigurationIsVisible = 0;
			defaultConfigurationName = Release;
		};
		F39E90A42BCA38F80059CC41 /* Build configuration list for PBXNativeTarget "DoOrDoneUITests" */ = {
			isa = XCConfigurationList;
			buildConfigurations = (
				F39E90A52BCA38F80059CC41 /* Debug */,
				F39E90A62BCA38F80059CC41 /* Release */,
			);
			defaultConfigurationIsVisible = 0;
			defaultConfigurationName = Release;
		};
/* End XCConfigurationList section */

/* Begin XCRemoteSwiftPackageReference section */
		F3EC867F2BCC98D2000B94E4 /* XCRemoteSwiftPackageReference "firebase-ios-sdk" */ = {
			isa = XCRemoteSwiftPackageReference;
			repositoryURL = "https://github.com/firebase/firebase-ios-sdk";
			requirement = {
				kind = upToNextMajorVersion;
				minimumVersion = 10.24.0;
			};
		};
/* End XCRemoteSwiftPackageReference section */

/* Begin XCSwiftPackageProductDependency section */
		F39F9B642BD089A00002C0A5 /* FirebaseAuth */ = {
			isa = XCSwiftPackageProductDependency;
			package = F3EC867F2BCC98D2000B94E4 /* XCRemoteSwiftPackageReference "firebase-ios-sdk" */;
			productName = FirebaseAuth;
		};
		F3EC86802BCC98D2000B94E4 /* FirebaseAnalytics */ = {
			isa = XCSwiftPackageProductDependency;
			package = F3EC867F2BCC98D2000B94E4 /* XCRemoteSwiftPackageReference "firebase-ios-sdk" */;
			productName = FirebaseAnalytics;
		};
		F3EC86822BCC98D2000B94E4 /* FirebaseFirestoreSwift */ = {
			isa = XCSwiftPackageProductDependency;
			package = F3EC867F2BCC98D2000B94E4 /* XCRemoteSwiftPackageReference "firebase-ios-sdk" */;
			productName = FirebaseFirestoreSwift;
		};
/* End XCSwiftPackageProductDependency section */
	};
	rootObject = F39E90722BCA38F50059CC41 /* Project object */;
}
